// !$*UTF8*$!
{
	archiveVersion = 1;
	classes = {
	};
	objectVersion = 46;
	objects = {

/* Begin PBXBuildFile section */
		52034BFE1DCCBD5B002B0F31 /* main.m in Sources */ = {isa = PBXBuildFile; fileRef = 52034BFD1DCCBD5B002B0F31 /* main.m */; };
		52034C011DCCBD5B002B0F31 /* AppDelegate.m in Sources */ = {isa = PBXBuildFile; fileRef = 52034C001DCCBD5B002B0F31 /* AppDelegate.m */; };
		52034C041DCCBD5B002B0F31 /* ViewController.m in Sources */ = {isa = PBXBuildFile; fileRef = 52034C031DCCBD5B002B0F31 /* ViewController.m */; };
		52034C071DCCBD5B002B0F31 /* Main.storyboard in Resources */ = {isa = PBXBuildFile; fileRef = 52034C051DCCBD5B002B0F31 /* Main.storyboard */; };
		52034C0A1DCCBD5B002B0F31 /* ClusterApp.xcdatamodeld in Sources */ = {isa = PBXBuildFile; fileRef = 52034C081DCCBD5B002B0F31 /* ClusterApp.xcdatamodeld */; };
		52034C0C1DCCBD5B002B0F31 /* Assets.xcassets in Resources */ = {isa = PBXBuildFile; fileRef = 52034C0B1DCCBD5B002B0F31 /* Assets.xcassets */; };
		52034C0F1DCCBD5B002B0F31 /* LaunchScreen.storyboard in Resources */ = {isa = PBXBuildFile; fileRef = 52034C0D1DCCBD5B002B0F31 /* LaunchScreen.storyboard */; };
		52034C1A1DCCBD5B002B0F31 /* ClusterAppTests.m in Sources */ = {isa = PBXBuildFile; fileRef = 52034C191DCCBD5B002B0F31 /* ClusterAppTests.m */; };
		52034C251DCCBD5B002B0F31 /* ClusterAppUITests.m in Sources */ = {isa = PBXBuildFile; fileRef = 52034C241DCCBD5B002B0F31 /* ClusterAppUITests.m */; };
		520E6F611DD0361300B07C24 /* QuartzCore.framework in Frameworks */ = {isa = PBXBuildFile; fileRef = 520E6F601DD0361300B07C24 /* QuartzCore.framework */; };
		520E6F631DD03C4100B07C24 /* MapKit.framework in Frameworks */ = {isa = PBXBuildFile; fileRef = 520E6F621DD03C4100B07C24 /* MapKit.framework */; };
		520E6F661DD03E3600B07C24 /* ContactUsController.m in Sources */ = {isa = PBXBuildFile; fileRef = 520E6F651DD03E3600B07C24 /* ContactUsController.m */; };
		520E6F691DD0601700B07C24 /* LoginViewController.m in Sources */ = {isa = PBXBuildFile; fileRef = 520E6F681DD0601700B07C24 /* LoginViewController.m */; };
		525C6C171DD2E369008598EB /* MockTestViewController.m in Sources */ = {isa = PBXBuildFile; fileRef = 525C6C161DD2E369008598EB /* MockTestViewController.m */; };
		525C6C1A1DD2E40E008598EB /* CollectionViewCell.m in Sources */ = {isa = PBXBuildFile; fileRef = 525C6C191DD2E40E008598EB /* CollectionViewCell.m */; };
		525C6C1D1DD2E955008598EB /* HomeCollectionViewCell.m in Sources */ = {isa = PBXBuildFile; fileRef = 525C6C1C1DD2E955008598EB /* HomeCollectionViewCell.m */; };
		525C6C201DD2E9BC008598EB /* WelcomeViewController.m in Sources */ = {isa = PBXBuildFile; fileRef = 525C6C1F1DD2E9BC008598EB /* WelcomeViewController.m */; };
		52D177451DD460F30061717F /* VideoResumeViewController.m in Sources */ = {isa = PBXBuildFile; fileRef = 52D177441DD460F30061717F /* VideoResumeViewController.m */; };
		52D177471DD464770061717F /* MobileCoreServices.framework in Frameworks */ = {isa = PBXBuildFile; fileRef = 52D177461DD464770061717F /* MobileCoreServices.framework */; };
		52D177491DD464B10061717F /* MediaPlayer.framework in Frameworks */ = {isa = PBXBuildFile; fileRef = 52D177481DD464B10061717F /* MediaPlayer.framework */; };
		52D1774E1DD47EF70061717F /* MessageUI.framework in Frameworks */ = {isa = PBXBuildFile; fileRef = 52D1774D1DD47EF70061717F /* MessageUI.framework */; };
		52F2A2941DD5A218008B1BC3 /* About.m in Sources */ = {isa = PBXBuildFile; fileRef = 52F2A2931DD5A218008B1BC3 /* About.m */; };
		52F2A2971DD5A85D008B1BC3 /* AboutUsViewController.m in Sources */ = {isa = PBXBuildFile; fileRef = 52F2A2961DD5A85D008B1BC3 /* AboutUsViewController.m */; };
		52F2A29A1DD5CDBE008B1BC3 /* AboutCollectionViewCell.m in Sources */ = {isa = PBXBuildFile; fileRef = 52F2A2991DD5CDBE008B1BC3 /* AboutCollectionViewCell.m */; };
/* End PBXBuildFile section */

/* Begin PBXContainerItemProxy section */
		52034C161DCCBD5B002B0F31 /* PBXContainerItemProxy */ = {
			isa = PBXContainerItemProxy;
			containerPortal = 52034BF11DCCBD5A002B0F31 /* Project object */;
			proxyType = 1;
			remoteGlobalIDString = 52034BF81DCCBD5A002B0F31;
			remoteInfo = ClusterApp;
		};
		52034C211DCCBD5B002B0F31 /* PBXContainerItemProxy */ = {
			isa = PBXContainerItemProxy;
			containerPortal = 52034BF11DCCBD5A002B0F31 /* Project object */;
			proxyType = 1;
			remoteGlobalIDString = 52034BF81DCCBD5A002B0F31;
			remoteInfo = ClusterApp;
		};
/* End PBXContainerItemProxy section */

/* Begin PBXFileReference section */
		52034BF91DCCBD5B002B0F31 /* ClusterApp.app */ = {isa = PBXFileReference; explicitFileType = wrapper.application; includeInIndex = 0; path = ClusterApp.app; sourceTree = BUILT_PRODUCTS_DIR; };
		52034BFD1DCCBD5B002B0F31 /* main.m */ = {isa = PBXFileReference; lastKnownFileType = sourcecode.c.objc; path = main.m; sourceTree = "<group>"; };
		52034BFF1DCCBD5B002B0F31 /* AppDelegate.h */ = {isa = PBXFileReference; lastKnownFileType = sourcecode.c.h; path = AppDelegate.h; sourceTree = "<group>"; };
		52034C001DCCBD5B002B0F31 /* AppDelegate.m */ = {isa = PBXFileReference; lastKnownFileType = sourcecode.c.objc; path = AppDelegate.m; sourceTree = "<group>"; };
		52034C021DCCBD5B002B0F31 /* ViewController.h */ = {isa = PBXFileReference; lastKnownFileType = sourcecode.c.h; path = ViewController.h; sourceTree = "<group>"; };
		52034C031DCCBD5B002B0F31 /* ViewController.m */ = {isa = PBXFileReference; lastKnownFileType = sourcecode.c.objc; path = ViewController.m; sourceTree = "<group>"; };
		52034C061DCCBD5B002B0F31 /* Base */ = {isa = PBXFileReference; lastKnownFileType = file.storyboard; name = Base; path = Base.lproj/Main.storyboard; sourceTree = "<group>"; };
		52034C091DCCBD5B002B0F31 /* ClusterApp.xcdatamodel */ = {isa = PBXFileReference; lastKnownFileType = wrapper.xcdatamodel; path = ClusterApp.xcdatamodel; sourceTree = "<group>"; };
		52034C0B1DCCBD5B002B0F31 /* Assets.xcassets */ = {isa = PBXFileReference; lastKnownFileType = folder.assetcatalog; path = Assets.xcassets; sourceTree = "<group>"; };
		52034C0E1DCCBD5B002B0F31 /* Base */ = {isa = PBXFileReference; lastKnownFileType = file.storyboard; name = Base; path = Base.lproj/LaunchScreen.storyboard; sourceTree = "<group>"; };
		52034C101DCCBD5B002B0F31 /* Info.plist */ = {isa = PBXFileReference; lastKnownFileType = text.plist.xml; path = Info.plist; sourceTree = "<group>"; };
		52034C151DCCBD5B002B0F31 /* ClusterAppTests.xctest */ = {isa = PBXFileReference; explicitFileType = wrapper.cfbundle; includeInIndex = 0; path = ClusterAppTests.xctest; sourceTree = BUILT_PRODUCTS_DIR; };
		52034C191DCCBD5B002B0F31 /* ClusterAppTests.m */ = {isa = PBXFileReference; lastKnownFileType = sourcecode.c.objc; path = ClusterAppTests.m; sourceTree = "<group>"; };
		52034C1B1DCCBD5B002B0F31 /* Info.plist */ = {isa = PBXFileReference; lastKnownFileType = text.plist.xml; path = Info.plist; sourceTree = "<group>"; };
		52034C201DCCBD5B002B0F31 /* ClusterAppUITests.xctest */ = {isa = PBXFileReference; explicitFileType = wrapper.cfbundle; includeInIndex = 0; path = ClusterAppUITests.xctest; sourceTree = BUILT_PRODUCTS_DIR; };
		52034C241DCCBD5B002B0F31 /* ClusterAppUITests.m */ = {isa = PBXFileReference; lastKnownFileType = sourcecode.c.objc; path = ClusterAppUITests.m; sourceTree = "<group>"; };
		52034C261DCCBD5B002B0F31 /* Info.plist */ = {isa = PBXFileReference; lastKnownFileType = text.plist.xml; path = Info.plist; sourceTree = "<group>"; };
		520E6F601DD0361300B07C24 /* QuartzCore.framework */ = {isa = PBXFileReference; lastKnownFileType = wrapper.framework; name = QuartzCore.framework; path = System/Library/Frameworks/QuartzCore.framework; sourceTree = SDKROOT; };
		520E6F621DD03C4100B07C24 /* MapKit.framework */ = {isa = PBXFileReference; lastKnownFileType = wrapper.framework; name = MapKit.framework; path = System/Library/Frameworks/MapKit.framework; sourceTree = SDKROOT; };
		520E6F641DD03E3600B07C24 /* ContactUsController.h */ = {isa = PBXFileReference; fileEncoding = 4; lastKnownFileType = sourcecode.c.h; path = ContactUsController.h; sourceTree = "<group>"; };
		520E6F651DD03E3600B07C24 /* ContactUsController.m */ = {isa = PBXFileReference; fileEncoding = 4; lastKnownFileType = sourcecode.c.objc; path = ContactUsController.m; sourceTree = "<group>"; };
		520E6F671DD0601700B07C24 /* LoginViewController.h */ = {isa = PBXFileReference; fileEncoding = 4; lastKnownFileType = sourcecode.c.h; path = LoginViewController.h; sourceTree = "<group>"; };
		520E6F681DD0601700B07C24 /* LoginViewController.m */ = {isa = PBXFileReference; fileEncoding = 4; lastKnownFileType = sourcecode.c.objc; path = LoginViewController.m; sourceTree = "<group>"; };
		525C6C151DD2E369008598EB /* MockTestViewController.h */ = {isa = PBXFileReference; fileEncoding = 4; lastKnownFileType = sourcecode.c.h; path = MockTestViewController.h; sourceTree = "<group>"; };
		525C6C161DD2E369008598EB /* MockTestViewController.m */ = {isa = PBXFileReference; fileEncoding = 4; lastKnownFileType = sourcecode.c.objc; path = MockTestViewController.m; sourceTree = "<group>"; };
		525C6C181DD2E40E008598EB /* CollectionViewCell.h */ = {isa = PBXFileReference; fileEncoding = 4; lastKnownFileType = sourcecode.c.h; path = CollectionViewCell.h; sourceTree = "<group>"; };
		525C6C191DD2E40E008598EB /* CollectionViewCell.m */ = {isa = PBXFileReference; fileEncoding = 4; lastKnownFileType = sourcecode.c.objc; path = CollectionViewCell.m; sourceTree = "<group>"; };
		525C6C1B1DD2E955008598EB /* HomeCollectionViewCell.h */ = {isa = PBXFileReference; fileEncoding = 4; lastKnownFileType = sourcecode.c.h; path = HomeCollectionViewCell.h; sourceTree = "<group>"; };
		525C6C1C1DD2E955008598EB /* HomeCollectionViewCell.m */ = {isa = PBXFileReference; fileEncoding = 4; lastKnownFileType = sourcecode.c.objc; path = HomeCollectionViewCell.m; sourceTree = "<group>"; };
		525C6C1E1DD2E9BC008598EB /* WelcomeViewController.h */ = {isa = PBXFileReference; fileEncoding = 4; lastKnownFileType = sourcecode.c.h; path = WelcomeViewController.h; sourceTree = "<group>"; };
		525C6C1F1DD2E9BC008598EB /* WelcomeViewController.m */ = {isa = PBXFileReference; fileEncoding = 4; lastKnownFileType = sourcecode.c.objc; path = WelcomeViewController.m; sourceTree = "<group>"; };
		52D177431DD460F30061717F /* VideoResumeViewController.h */ = {isa = PBXFileReference; fileEncoding = 4; lastKnownFileType = sourcecode.c.h; path = VideoResumeViewController.h; sourceTree = "<group>"; };
		52D177441DD460F30061717F /* VideoResumeViewController.m */ = {isa = PBXFileReference; fileEncoding = 4; lastKnownFileType = sourcecode.c.objc; path = VideoResumeViewController.m; sourceTree = "<group>"; };
		52D177461DD464770061717F /* MobileCoreServices.framework */ = {isa = PBXFileReference; lastKnownFileType = wrapper.framework; name = MobileCoreServices.framework; path = System/Library/Frameworks/MobileCoreServices.framework; sourceTree = SDKROOT; };
		52D177481DD464B10061717F /* MediaPlayer.framework */ = {isa = PBXFileReference; lastKnownFileType = wrapper.framework; name = MediaPlayer.framework; path = System/Library/Frameworks/MediaPlayer.framework; sourceTree = SDKROOT; };
		52D1774D1DD47EF70061717F /* MessageUI.framework */ = {isa = PBXFileReference; lastKnownFileType = wrapper.framework; name = MessageUI.framework; path = System/Library/Frameworks/MessageUI.framework; sourceTree = SDKROOT; };
		52F2A2921DD5A218008B1BC3 /* About.h */ = {isa = PBXFileReference; fileEncoding = 4; lastKnownFileType = sourcecode.c.h; path = About.h; sourceTree = "<group>"; };
		52F2A2931DD5A218008B1BC3 /* About.m */ = {isa = PBXFileReference; fileEncoding = 4; lastKnownFileType = sourcecode.c.objc; path = About.m; sourceTree = "<group>"; };
		52F2A2951DD5A85D008B1BC3 /* AboutUsViewController.h */ = {isa = PBXFileReference; fileEncoding = 4; lastKnownFileType = sourcecode.c.h; path = AboutUsViewController.h; sourceTree = "<group>"; };
		52F2A2961DD5A85D008B1BC3 /* AboutUsViewController.m */ = {isa = PBXFileReference; fileEncoding = 4; lastKnownFileType = sourcecode.c.objc; path = AboutUsViewController.m; sourceTree = "<group>"; };
		52F2A2981DD5CDBE008B1BC3 /* AboutCollectionViewCell.h */ = {isa = PBXFileReference; fileEncoding = 4; lastKnownFileType = sourcecode.c.h; path = AboutCollectionViewCell.h; sourceTree = "<group>"; };
		52F2A2991DD5CDBE008B1BC3 /* AboutCollectionViewCell.m */ = {isa = PBXFileReference; fileEncoding = 4; lastKnownFileType = sourcecode.c.objc; path = AboutCollectionViewCell.m; sourceTree = "<group>"; };
/* End PBXFileReference section */

/* Begin PBXFrameworksBuildPhase section */
		52034BF61DCCBD5A002B0F31 /* Frameworks */ = {
			isa = PBXFrameworksBuildPhase;
			buildActionMask = 2147483647;
			files = (
				52D1774E1DD47EF70061717F /* MessageUI.framework in Frameworks */,
				52D177491DD464B10061717F /* MediaPlayer.framework in Frameworks */,
				52D177471DD464770061717F /* MobileCoreServices.framework in Frameworks */,
				520E6F631DD03C4100B07C24 /* MapKit.framework in Frameworks */,
				520E6F611DD0361300B07C24 /* QuartzCore.framework in Frameworks */,
			);
			runOnlyForDeploymentPostprocessing = 0;
		};
		52034C121DCCBD5B002B0F31 /* Frameworks */ = {
			isa = PBXFrameworksBuildPhase;
			buildActionMask = 2147483647;
			files = (
			);
			runOnlyForDeploymentPostprocessing = 0;
		};
		52034C1D1DCCBD5B002B0F31 /* Frameworks */ = {
			isa = PBXFrameworksBuildPhase;
			buildActionMask = 2147483647;
			files = (
			);
			runOnlyForDeploymentPostprocessing = 0;
		};
/* End PBXFrameworksBuildPhase section */

/* Begin PBXGroup section */
		52034BF01DCCBD5A002B0F31 = {
			isa = PBXGroup;
			children = (
				52034BFB1DCCBD5B002B0F31 /* ClusterApp */,
				52034C181DCCBD5B002B0F31 /* ClusterAppTests */,
				52034C231DCCBD5B002B0F31 /* ClusterAppUITests */,
				52034BFA1DCCBD5B002B0F31 /* Products */,
				520E6F5F1DD0361300B07C24 /* Frameworks */,
			);
			sourceTree = "<group>";
		};
		52034BFA1DCCBD5B002B0F31 /* Products */ = {
			isa = PBXGroup;
			children = (
				52034BF91DCCBD5B002B0F31 /* ClusterApp.app */,
				52034C151DCCBD5B002B0F31 /* ClusterAppTests.xctest */,
				52034C201DCCBD5B002B0F31 /* ClusterAppUITests.xctest */,
			);
			name = Products;
			sourceTree = "<group>";
		};
		52034BFB1DCCBD5B002B0F31 /* ClusterApp */ = {
			isa = PBXGroup;
			children = (
				52034BFF1DCCBD5B002B0F31 /* AppDelegate.h */,
				52034C001DCCBD5B002B0F31 /* AppDelegate.m */,
				52034C021DCCBD5B002B0F31 /* ViewController.h */,
				52034C031DCCBD5B002B0F31 /* ViewController.m */,
				52034C051DCCBD5B002B0F31 /* Main.storyboard */,
				52034C0B1DCCBD5B002B0F31 /* Assets.xcassets */,
				52034C0D1DCCBD5B002B0F31 /* LaunchScreen.storyboard */,
				52034C101DCCBD5B002B0F31 /* Info.plist */,
				52034C081DCCBD5B002B0F31 /* ClusterApp.xcdatamodeld */,
				52034BFC1DCCBD5B002B0F31 /* Supporting Files */,
				520E6F641DD03E3600B07C24 /* ContactUsController.h */,
				520E6F651DD03E3600B07C24 /* ContactUsController.m */,
				52F2A2921DD5A218008B1BC3 /* About.h */,
				52F2A2931DD5A218008B1BC3 /* About.m */,
				520E6F671DD0601700B07C24 /* LoginViewController.h */,
				520E6F681DD0601700B07C24 /* LoginViewController.m */,
				525C6C151DD2E369008598EB /* MockTestViewController.h */,
				525C6C161DD2E369008598EB /* MockTestViewController.m */,
				525C6C181DD2E40E008598EB /* CollectionViewCell.h */,
				525C6C191DD2E40E008598EB /* CollectionViewCell.m */,
				525C6C1F1DD2E9BC008598EB /* WelcomeViewController.m */,
				525C6C1B1DD2E955008598EB /* HomeCollectionViewCell.h */,
				525C6C1C1DD2E955008598EB /* HomeCollectionViewCell.m */,
				525C6C1E1DD2E9BC008598EB /* WelcomeViewController.h */,
				52D177431DD460F30061717F /* VideoResumeViewController.h */,
				52D177441DD460F30061717F /* VideoResumeViewController.m */,
				52F2A2951DD5A85D008B1BC3 /* AboutUsViewController.h */,
				52F2A2961DD5A85D008B1BC3 /* AboutUsViewController.m */,
				52F2A2981DD5CDBE008B1BC3 /* AboutCollectionViewCell.h */,
				52F2A2991DD5CDBE008B1BC3 /* AboutCollectionViewCell.m */,
			);
			path = ClusterApp;
			sourceTree = "<group>";
		};
		52034BFC1DCCBD5B002B0F31 /* Supporting Files */ = {
			isa = PBXGroup;
			children = (
				52034BFD1DCCBD5B002B0F31 /* main.m */,
			);
			name = "Supporting Files";
			sourceTree = "<group>";
		};
		52034C181DCCBD5B002B0F31 /* ClusterAppTests */ = {
			isa = PBXGroup;
			children = (
				52034C191DCCBD5B002B0F31 /* ClusterAppTests.m */,
				52034C1B1DCCBD5B002B0F31 /* Info.plist */,
			);
			path = ClusterAppTests;
			sourceTree = "<group>";
		};
		52034C231DCCBD5B002B0F31 /* ClusterAppUITests */ = {
			isa = PBXGroup;
			children = (
				52034C241DCCBD5B002B0F31 /* ClusterAppUITests.m */,
				52034C261DCCBD5B002B0F31 /* Info.plist */,
			);
			path = ClusterAppUITests;
			sourceTree = "<group>";
		};
		520E6F5F1DD0361300B07C24 /* Frameworks */ = {
			isa = PBXGroup;
			children = (
				52D1774D1DD47EF70061717F /* MessageUI.framework */,
				52D177481DD464B10061717F /* MediaPlayer.framework */,
				52D177461DD464770061717F /* MobileCoreServices.framework */,
				520E6F621DD03C4100B07C24 /* MapKit.framework */,
				520E6F601DD0361300B07C24 /* QuartzCore.framework */,
			);
			name = Frameworks;
			sourceTree = "<group>";
		};
/* End PBXGroup section */

/* Begin PBXNativeTarget section */
		52034BF81DCCBD5A002B0F31 /* ClusterApp */ = {
			isa = PBXNativeTarget;
			buildConfigurationList = 52034C291DCCBD5B002B0F31 /* Build configuration list for PBXNativeTarget "ClusterApp" */;
			buildPhases = (
				52034BF51DCCBD5A002B0F31 /* Sources */,
				52034BF61DCCBD5A002B0F31 /* Frameworks */,
				52034BF71DCCBD5A002B0F31 /* Resources */,
			);
			buildRules = (
			);
			dependencies = (
			);
			name = ClusterApp;
			productName = ClusterApp;
			productReference = 52034BF91DCCBD5B002B0F31 /* ClusterApp.app */;
			productType = "com.apple.product-type.application";
		};
		52034C141DCCBD5B002B0F31 /* ClusterAppTests */ = {
			isa = PBXNativeTarget;
			buildConfigurationList = 52034C2C1DCCBD5B002B0F31 /* Build configuration list for PBXNativeTarget "ClusterAppTests" */;
			buildPhases = (
				52034C111DCCBD5B002B0F31 /* Sources */,
				52034C121DCCBD5B002B0F31 /* Frameworks */,
				52034C131DCCBD5B002B0F31 /* Resources */,
			);
			buildRules = (
			);
			dependencies = (
				52034C171DCCBD5B002B0F31 /* PBXTargetDependency */,
			);
			name = ClusterAppTests;
			productName = ClusterAppTests;
			productReference = 52034C151DCCBD5B002B0F31 /* ClusterAppTests.xctest */;
			productType = "com.apple.product-type.bundle.unit-test";
		};
		52034C1F1DCCBD5B002B0F31 /* ClusterAppUITests */ = {
			isa = PBXNativeTarget;
			buildConfigurationList = 52034C2F1DCCBD5B002B0F31 /* Build configuration list for PBXNativeTarget "ClusterAppUITests" */;
			buildPhases = (
				52034C1C1DCCBD5B002B0F31 /* Sources */,
				52034C1D1DCCBD5B002B0F31 /* Frameworks */,
				52034C1E1DCCBD5B002B0F31 /* Resources */,
			);
			buildRules = (
			);
			dependencies = (
				52034C221DCCBD5B002B0F31 /* PBXTargetDependency */,
			);
			name = ClusterAppUITests;
			productName = ClusterAppUITests;
			productReference = 52034C201DCCBD5B002B0F31 /* ClusterAppUITests.xctest */;
			productType = "com.apple.product-type.bundle.ui-testing";
		};
/* End PBXNativeTarget section */

/* Begin PBXProject section */
		52034BF11DCCBD5A002B0F31 /* Project object */ = {
			isa = PBXProject;
			attributes = {
				LastUpgradeCheck = 0810;
				ORGANIZATIONNAME = test;
				TargetAttributes = {
					52034BF81DCCBD5A002B0F31 = {
						CreatedOnToolsVersion = 8.1;
						DevelopmentTeam = 3836WJ5JWW;
						ProvisioningStyle = Automatic;
					};
					52034C141DCCBD5B002B0F31 = {
						CreatedOnToolsVersion = 8.1;
						ProvisioningStyle = Automatic;
						TestTargetID = 52034BF81DCCBD5A002B0F31;
					};
					52034C1F1DCCBD5B002B0F31 = {
						CreatedOnToolsVersion = 8.1;
						ProvisioningStyle = Automatic;
						TestTargetID = 52034BF81DCCBD5A002B0F31;
					};
				};
			};
			buildConfigurationList = 52034BF41DCCBD5A002B0F31 /* Build configuration list for PBXProject "ClusterApp" */;
			compatibilityVersion = "Xcode 3.2";
			developmentRegion = English;
			hasScannedForEncodings = 0;
			knownRegions = (
				en,
				Base,
			);
			mainGroup = 52034BF01DCCBD5A002B0F31;
			productRefGroup = 52034BFA1DCCBD5B002B0F31 /* Products */;
			projectDirPath = "";
			projectRoot = "";
			targets = (
				52034BF81DCCBD5A002B0F31 /* ClusterApp */,
				52034C141DCCBD5B002B0F31 /* ClusterAppTests */,
				52034C1F1DCCBD5B002B0F31 /* ClusterAppUITests */,
			);
		};
/* End PBXProject section */

/* Begin PBXResourcesBuildPhase section */
		52034BF71DCCBD5A002B0F31 /* Resources */ = {
			isa = PBXResourcesBuildPhase;
			buildActionMask = 2147483647;
			files = (
				52034C0F1DCCBD5B002B0F31 /* LaunchScreen.storyboard in Resources */,
				52034C0C1DCCBD5B002B0F31 /* Assets.xcassets in Resources */,
				52034C071DCCBD5B002B0F31 /* Main.storyboard in Resources */,
			);
			runOnlyForDeploymentPostprocessing = 0;
		};
		52034C131DCCBD5B002B0F31 /* Resources */ = {
			isa = PBXResourcesBuildPhase;
			buildActionMask = 2147483647;
			files = (
			);
			runOnlyForDeploymentPostprocessing = 0;
		};
		52034C1E1DCCBD5B002B0F31 /* Resources */ = {
			isa = PBXResourcesBuildPhase;
			buildActionMask = 2147483647;
			files = (
			);
			runOnlyForDeploymentPostprocessing = 0;
		};
/* End PBXResourcesBuildPhase section */

/* Begin PBXSourcesBuildPhase section */
		52034BF51DCCBD5A002B0F31 /* Sources */ = {
			isa = PBXSourcesBuildPhase;
			buildActionMask = 2147483647;
			files = (
				520E6F661DD03E3600B07C24 /* ContactUsController.m in Sources */,
				52F2A2971DD5A85D008B1BC3 /* AboutUsViewController.m in Sources */,
				52034C041DCCBD5B002B0F31 /* ViewController.m in Sources */,
				525C6C171DD2E369008598EB /* MockTestViewController.m in Sources */,
				520E6F691DD0601700B07C24 /* LoginViewController.m in Sources */,
				52034C011DCCBD5B002B0F31 /* AppDelegate.m in Sources */,
				525C6C201DD2E9BC008598EB /* WelcomeViewController.m in Sources */,
				52034C0A1DCCBD5B002B0F31 /* ClusterApp.xcdatamodeld in Sources */,
				52F2A29A1DD5CDBE008B1BC3 /* AboutCollectionViewCell.m in Sources */,
				525C6C1A1DD2E40E008598EB /* CollectionViewCell.m in Sources */,
				52034BFE1DCCBD5B002B0F31 /* main.m in Sources */,
				52D177451DD460F30061717F /* VideoResumeViewController.m in Sources */,
				525C6C1D1DD2E955008598EB /* HomeCollectionViewCell.m in Sources */,
				52F2A2941DD5A218008B1BC3 /* About.m in Sources */,
			);
			runOnlyForDeploymentPostprocessing = 0;
		};
		52034C111DCCBD5B002B0F31 /* Sources */ = {
			isa = PBXSourcesBuildPhase;
			buildActionMask = 2147483647;
			files = (
				52034C1A1DCCBD5B002B0F31 /* ClusterAppTests.m in Sources */,
			);
			runOnlyForDeploymentPostprocessing = 0;
		};
		52034C1C1DCCBD5B002B0F31 /* Sources */ = {
			isa = PBXSourcesBuildPhase;
			buildActionMask = 2147483647;
			files = (
				52034C251DCCBD5B002B0F31 /* ClusterAppUITests.m in Sources */,
			);
			runOnlyForDeploymentPostprocessing = 0;
		};
/* End PBXSourcesBuildPhase section */

/* Begin PBXTargetDependency section */
		52034C171DCCBD5B002B0F31 /* PBXTargetDependency */ = {
			isa = PBXTargetDependency;
			target = 52034BF81DCCBD5A002B0F31 /* ClusterApp */;
			targetProxy = 52034C161DCCBD5B002B0F31 /* PBXContainerItemProxy */;
		};
		52034C221DCCBD5B002B0F31 /* PBXTargetDependency */ = {
			isa = PBXTargetDependency;
			target = 52034BF81DCCBD5A002B0F31 /* ClusterApp */;
			targetProxy = 52034C211DCCBD5B002B0F31 /* PBXContainerItemProxy */;
		};
/* End PBXTargetDependency section */

/* Begin PBXVariantGroup section */
		52034C051DCCBD5B002B0F31 /* Main.storyboard */ = {
			isa = PBXVariantGroup;
			children = (
				52034C061DCCBD5B002B0F31 /* Base */,
			);
			name = Main.storyboard;
			sourceTree = "<group>";
		};
		52034C0D1DCCBD5B002B0F31 /* LaunchScreen.storyboard */ = {
			isa = PBXVariantGroup;
			children = (
				52034C0E1DCCBD5B002B0F31 /* Base */,
			);
			name = LaunchScreen.storyboard;
			sourceTree = "<group>";
		};
/* End PBXVariantGroup section */

/* Begin XCBuildConfiguration section */
		52034C271DCCBD5B002B0F31 /* Debug */ = {
			isa = XCBuildConfiguration;
			buildSettings = {
				ALWAYS_SEARCH_USER_PATHS = NO;
				CLANG_ANALYZER_NONNULL = YES;
				CLANG_CXX_LANGUAGE_STANDARD = "gnu++0x";
				CLANG_CXX_LIBRARY = "libc++";
				CLANG_ENABLE_MODULES = YES;
				CLANG_ENABLE_OBJC_ARC = YES;
				CLANG_WARN_BOOL_CONVERSION = YES;
				CLANG_WARN_CONSTANT_CONVERSION = YES;
				CLANG_WARN_DIRECT_OBJC_ISA_USAGE = YES_ERROR;
				CLANG_WARN_DOCUMENTATION_COMMENTS = YES;
				CLANG_WARN_EMPTY_BODY = YES;
				CLANG_WARN_ENUM_CONVERSION = YES;
				CLANG_WARN_INFINITE_RECURSION = YES;
				CLANG_WARN_INT_CONVERSION = YES;
				CLANG_WARN_OBJC_ROOT_CLASS = YES_ERROR;
				CLANG_WARN_SUSPICIOUS_MOVES = YES;
				CLANG_WARN_UNREACHABLE_CODE = YES;
				CLANG_WARN__DUPLICATE_METHOD_MATCH = YES;
				"CODE_SIGN_IDENTITY[sdk=iphoneos*]" = "iPhone Developer";
				COPY_PHASE_STRIP = NO;
				DEBUG_INFORMATION_FORMAT = dwarf;
				ENABLE_STRICT_OBJC_MSGSEND = YES;
				ENABLE_TESTABILITY = YES;
				GCC_C_LANGUAGE_STANDARD = gnu99;
				GCC_DYNAMIC_NO_PIC = NO;
				GCC_NO_COMMON_BLOCKS = YES;
				GCC_OPTIMIZATION_LEVEL = 0;
				GCC_PREPROCESSOR_DEFINITIONS = (
					"DEBUG=1",
					"$(inherited)",
				);
				GCC_WARN_64_TO_32_BIT_CONVERSION = YES;
				GCC_WARN_ABOUT_RETURN_TYPE = YES_ERROR;
				GCC_WARN_UNDECLARED_SELECTOR = YES;
				GCC_WARN_UNINITIALIZED_AUTOS = YES_AGGRESSIVE;
				GCC_WARN_UNUSED_FUNCTION = YES;
				GCC_WARN_UNUSED_VARIABLE = YES;
				IPHONEOS_DEPLOYMENT_TARGET = 10.1;
				MTL_ENABLE_DEBUG_INFO = YES;
				ONLY_ACTIVE_ARCH = YES;
				SDKROOT = iphoneos;
				TARGETED_DEVICE_FAMILY = "1,2";
			};
			name = Debug;
		};
		52034C281DCCBD5B002B0F31 /* Release */ = {
			isa = XCBuildConfiguration;
			buildSettings = {
				ALWAYS_SEARCH_USER_PATHS = NO;
				CLANG_ANALYZER_NONNULL = YES;
				CLANG_CXX_LANGUAGE_STANDARD = "gnu++0x";
				CLANG_CXX_LIBRARY = "libc++";
				CLANG_ENABLE_MODULES = YES;
				CLANG_ENABLE_OBJC_ARC = YES;
				CLANG_WARN_BOOL_CONVERSION = YES;
				CLANG_WARN_CONSTANT_CONVERSION = YES;
				CLANG_WARN_DIRECT_OBJC_ISA_USAGE = YES_ERROR;
				CLANG_WARN_DOCUMENTATION_COMMENTS = YES;
				CLANG_WARN_EMPTY_BODY = YES;
				CLANG_WARN_ENUM_CONVERSION = YES;
				CLANG_WARN_INFINITE_RECURSION = YES;
				CLANG_WARN_INT_CONVERSION = YES;
				CLANG_WARN_OBJC_ROOT_CLASS = YES_ERROR;
				CLANG_WARN_SUSPICIOUS_MOVES = YES;
				CLANG_WARN_UNREACHABLE_CODE = YES;
				CLANG_WARN__DUPLICATE_METHOD_MATCH = YES;
				"CODE_SIGN_IDENTITY[sdk=iphoneos*]" = "iPhone Developer";
				COPY_PHASE_STRIP = NO;
				DEBUG_INFORMATION_FORMAT = "dwarf-with-dsym";
				ENABLE_NS_ASSERTIONS = NO;
				ENABLE_STRICT_OBJC_MSGSEND = YES;
				GCC_C_LANGUAGE_STANDARD = gnu99;
				GCC_NO_COMMON_BLOCKS = YES;
				GCC_WARN_64_TO_32_BIT_CONVERSION = YES;
				GCC_WARN_ABOUT_RETURN_TYPE = YES_ERROR;
				GCC_WARN_UNDECLARED_SELECTOR = YES;
				GCC_WARN_UNINITIALIZED_AUTOS = YES_AGGRESSIVE;
				GCC_WARN_UNUSED_FUNCTION = YES;
				GCC_WARN_UNUSED_VARIABLE = YES;
				IPHONEOS_DEPLOYMENT_TARGET = 10.1;
				MTL_ENABLE_DEBUG_INFO = NO;
				SDKROOT = iphoneos;
				TARGETED_DEVICE_FAMILY = "1,2";
				VALIDATE_PRODUCT = YES;
			};
			name = Release;
		};
		52034C2A1DCCBD5B002B0F31 /* Debug */ = {
			isa = XCBuildConfiguration;
			buildSettings = {
				ASSETCATALOG_COMPILER_APPICON_NAME = AppIcon;
				DEVELOPMENT_TEAM = 3836WJ5JWW;
				INFOPLIST_FILE = ClusterApp/Info.plist;
				LD_RUNPATH_SEARCH_PATHS = "$(inherited) @executable_path/Frameworks";
				PRODUCT_BUNDLE_IDENTIFIER = Harisha.ClusterApp.1;
				PRODUCT_NAME = "$(TARGET_NAME)";
			};
			name = Debug;
		};
		52034C2B1DCCBD5B002B0F31 /* Release */ = {
			isa = XCBuildConfiguration;
			buildSettings = {
				ASSETCATALOG_COMPILER_APPICON_NAME = AppIcon;
				DEVELOPMENT_TEAM = 3836WJ5JWW;
				INFOPLIST_FILE = ClusterApp/Info.plist;
				LD_RUNPATH_SEARCH_PATHS = "$(inherited) @executable_path/Frameworks";
				PRODUCT_BUNDLE_IDENTIFIER = Harisha.ClusterApp.1;
				PRODUCT_NAME = "$(TARGET_NAME)";
			};
			name = Release;
		};
		52034C2D1DCCBD5B002B0F31 /* Debug */ = {
			isa = XCBuildConfiguration;
			buildSettings = {
				BUNDLE_LOADER = "$(TEST_HOST)";
				INFOPLIST_FILE = ClusterAppTests/Info.plist;
				LD_RUNPATH_SEARCH_PATHS = "$(inherited) @executable_path/Frameworks @loader_path/Frameworks";
				PRODUCT_BUNDLE_IDENTIFIER = Harisha.ClusterAppTests;
				PRODUCT_NAME = "$(TARGET_NAME)";
				TEST_HOST = "$(BUILT_PRODUCTS_DIR)/ClusterApp.app/ClusterApp";
			};
			name = Debug;
		};
		52034C2E1DCCBD5B002B0F31 /* Release */ = {
			isa = XCBuildConfiguration;
			buildSettings = {
				BUNDLE_LOADER = "$(TEST_HOST)";
				INFOPLIST_FILE = ClusterAppTests/Info.plist;
				LD_RUNPATH_SEARCH_PATHS = "$(inherited) @executable_path/Frameworks @loader_path/Frameworks";
				PRODUCT_BUNDLE_IDENTIFIER = Harisha.ClusterAppTests;
				PRODUCT_NAME = "$(TARGET_NAME)";
				TEST_HOST = "$(BUILT_PRODUCTS_DIR)/ClusterApp.app/ClusterApp";
			};
			name = Release;
		};
		52034C301DCCBD5B002B0F31 /* Debug */ = {
			isa = XCBuildConfiguration;
			buildSettings = {
				INFOPLIST_FILE = ClusterAppUITests/Info.plist;
				LD_RUNPATH_SEARCH_PATHS = "$(inherited) @executable_path/Frameworks @loader_path/Frameworks";
				PRODUCT_BUNDLE_IDENTIFIER = Harisha.ClusterAppUITests;
				PRODUCT_NAME = "$(TARGET_NAME)";
				TEST_TARGET_NAME = ClusterApp;
			};
			name = Debug;
		};
		52034C311DCCBD5B002B0F31 /* Release */ = {
			isa = XCBuildConfiguration;
			buildSettings = {
				INFOPLIST_FILE = ClusterAppUITests/Info.plist;
				LD_RUNPATH_SEARCH_PATHS = "$(inherited) @executable_path/Frameworks @loader_path/Frameworks";
				PRODUCT_BUNDLE_IDENTIFIER = Harisha.ClusterAppUITests;
				PRODUCT_NAME = "$(TARGET_NAME)";
				TEST_TARGET_NAME = ClusterApp;
			};
			name = Release;
		};
/* End XCBuildConfiguration section */

/* Begin XCConfigurationList section */
		52034BF41DCCBD5A002B0F31 /* Build configuration list for PBXProject "ClusterApp" */ = {
			isa = XCConfigurationList;
			buildConfigurations = (
				52034C271DCCBD5B002B0F31 /* Debug */,
				52034C281DCCBD5B002B0F31 /* Release */,
			);
			defaultConfigurationIsVisible = 0;
			defaultConfigurationName = Release;
		};
		52034C291DCCBD5B002B0F31 /* Build configuration list for PBXNativeTarget "ClusterApp" */ = {
			isa = XCConfigurationList;
			buildConfigurations = (
				52034C2A1DCCBD5B002B0F31 /* Debug */,
				52034C2B1DCCBD5B002B0F31 /* Release */,
			);
			defaultConfigurationIsVisible = 0;
			defaultConfigurationName = Release;
		};
		52034C2C1DCCBD5B002B0F31 /* Build configuration list for PBXNativeTarget "ClusterAppTests" */ = {
			isa = XCConfigurationList;
			buildConfigurations = (
				52034C2D1DCCBD5B002B0F31 /* Debug */,
				52034C2E1DCCBD5B002B0F31 /* Release */,
			);
			defaultConfigurationIsVisible = 0;
			defaultConfigurationName = Release;
		};
		52034C2F1DCCBD5B002B0F31 /* Build configuration list for PBXNativeTarget "ClusterAppUITests" */ = {
			isa = XCConfigurationList;
			buildConfigurations = (
				52034C301DCCBD5B002B0F31 /* Debug */,
				52034C311DCCBD5B002B0F31 /* Release */,
			);
			defaultConfigurationIsVisible = 0;
			defaultConfigurationName = Release;
		};
/* End XCConfigurationList section */

/* Begin XCVersionGroup section */
		52034C081DCCBD5B002B0F31 /* ClusterApp.xcdatamodeld */ = {
			isa = XCVersionGroup;
			children = (
				52034C091DCCBD5B002B0F31 /* ClusterApp.xcdatamodel */,
			);
			currentVersion = 52034C091DCCBD5B002B0F31 /* ClusterApp.xcdatamodel */;
			path = ClusterApp.xcdatamodeld;
			sourceTree = "<group>";
			versionGroupType = wrapper.xcdatamodel;
		};
/* End XCVersionGroup section */
	};
	rootObject = 52034BF11DCCBD5A002B0F31 /* Project object */;
}
